// !$*UTF8*$!
{
	archiveVersion = 1;
	classes = {
	};
	objectVersion = 50;
	objects = {

/* Begin PBXBuildFile section */
		B307539A256C199600C8CA4F /* ConvertColor.swift in Sources */ = {isa = PBXBuildFile; fileRef = B3075399256C199600C8CA4F /* ConvertColor.swift */; };
		B30753C2256D582B00C8CA4F /* UIColor+components.swift in Sources */ = {isa = PBXBuildFile; fileRef = B30753C1256D582A00C8CA4F /* UIColor+components.swift */; };
		B30753CA256EB56500C8CA4F /* SectionedListController.swift in Sources */ = {isa = PBXBuildFile; fileRef = B30753C9256EB56400C8CA4F /* SectionedListController.swift */; };
		B30753D3256EB6CD00C8CA4F /* GroupsListVC.swift in Sources */ = {isa = PBXBuildFile; fileRef = B30753D2256EB6CD00C8CA4F /* GroupsListVC.swift */; };
		B30753DE256EC74B00C8CA4F /* LightsListVC.swift in Sources */ = {isa = PBXBuildFile; fileRef = B30753DD256EC74B00C8CA4F /* LightsListVC.swift */; };
		B30753E325718CEC00C8CA4F /* EditItemView.swift in Sources */ = {isa = PBXBuildFile; fileRef = B30753E225718CEC00C8CA4F /* EditItemView.swift */; };
		B30753E825718DA900C8CA4F /* EditGroupVC.swift in Sources */ = {isa = PBXBuildFile; fileRef = B30753E725718DA900C8CA4F /* EditGroupVC.swift */; };
		B318246525779F6600D9D06E /* SchedulesListVC.swift in Sources */ = {isa = PBXBuildFile; fileRef = B318246425779F6600D9D06E /* SchedulesListVC.swift */; };
		B31824902577F13900D9D06E /* GetImageFromURLIV.swift in Sources */ = {isa = PBXBuildFile; fileRef = B318248F2577F13900D9D06E /* GetImageFromURLIV.swift */; };
		B318249C2577F24E00D9D06E /* SceneListVC.swift in Sources */ = {isa = PBXBuildFile; fileRef = B318249B2577F24E00D9D06E /* SceneListVC.swift */; };
		B33631CA2581532100B83432 /* SuccessModel.swift in Sources */ = {isa = PBXBuildFile; fileRef = B33631C92581532100B83432 /* SuccessModel.swift */; };
		B37EEA492561A975003FBC42 /* AppDelegate.swift in Sources */ = {isa = PBXBuildFile; fileRef = B37EEA482561A975003FBC42 /* AppDelegate.swift */; };
		B37EEA4B2561A975003FBC42 /* SceneDelegate.swift in Sources */ = {isa = PBXBuildFile; fileRef = B37EEA4A2561A975003FBC42 /* SceneDelegate.swift */; };
		B37EEA522561A976003FBC42 /* Assets.xcassets in Resources */ = {isa = PBXBuildFile; fileRef = B37EEA512561A976003FBC42 /* Assets.xcassets */; };
		B37EEA552561A976003FBC42 /* LaunchScreen.storyboard in Resources */ = {isa = PBXBuildFile; fileRef = B37EEA532561A976003FBC42 /* LaunchScreen.storyboard */; };
		B37EEA602561A976003FBC42 /* Hue_LightsTests.swift in Sources */ = {isa = PBXBuildFile; fileRef = B37EEA5F2561A976003FBC42 /* Hue_LightsTests.swift */; };
		B37EEA6B2561A976003FBC42 /* Hue_LightsUITests.swift in Sources */ = {isa = PBXBuildFile; fileRef = B37EEA6A2561A976003FBC42 /* Hue_LightsUITests.swift */; };
		B37EEA822561A9B4003FBC42 /* MainVC.swift in Sources */ = {isa = PBXBuildFile; fileRef = B37EEA812561A9B4003FBC42 /* MainVC.swift */; };
		B37EEA872561A9DE003FBC42 /* MainView.swift in Sources */ = {isa = PBXBuildFile; fileRef = B37EEA862561A9DE003FBC42 /* MainView.swift */; };
		B3A66A762573FEF100EAAB8C /* EditLightVC.swift in Sources */ = {isa = PBXBuildFile; fileRef = B3A66A752573FEF100EAAB8C /* EditLightVC.swift */; };
		B3A66A8125742AEA00EAAB8C /* Sequence+UniqueHash.swift in Sources */ = {isa = PBXBuildFile; fileRef = B3A66A8025742AEA00EAAB8C /* Sequence+UniqueHash.swift */; };
		B3AF8EE92565A04C0060C968 /* Discovery.swift in Sources */ = {isa = PBXBuildFile; fileRef = B3AF8EE82565A04C0060C968 /* Discovery.swift */; };
		B3AF8EF12565AC490060C968 /* HueModel.swift in Sources */ = {isa = PBXBuildFile; fileRef = B3AF8EF02565AC490060C968 /* HueModel.swift */; };
		B3AF8EFF25669CFB0060C968 /* ListController.swift in Sources */ = {isa = PBXBuildFile; fileRef = B3AF8EFE25669CFA0060C968 /* ListController.swift */; };
		B3AF8F0425669EFE0060C968 /* HueLightsCell.swift in Sources */ = {isa = PBXBuildFile; fileRef = B3AF8F0325669EFE0060C968 /* HueLightsCell.swift */; };
		B3AF8F092566A6B30060C968 /* Constants.swift in Sources */ = {isa = PBXBuildFile; fileRef = B3AF8F082566A6B20060C968 /* Constants.swift */; };
		B3CC3E0B257CE93F00058933 /* EditSceneView.swift in Sources */ = {isa = PBXBuildFile; fileRef = B3CC3E0A257CE93F00058933 /* EditSceneView.swift */; };
		B3CC3E11257CEA3900058933 /* EditSceneVC.swift in Sources */ = {isa = PBXBuildFile; fileRef = B3CC3E10257CEA3900058933 /* EditSceneVC.swift */; };
		B3D2E0EB2572939100B4B46B /* ModifyGroupList.swift in Sources */ = {isa = PBXBuildFile; fileRef = B3D2E0EA2572939100B4B46B /* ModifyGroupList.swift */; };
		B3D2E0F02572949A00B4B46B /* ListCell.swift in Sources */ = {isa = PBXBuildFile; fileRef = B3D2E0EF2572949A00B4B46B /* ListCell.swift */; };
		B3D2E0F62573CF3F00B4B46B /* Alert.swift in Sources */ = {isa = PBXBuildFile; fileRef = B3D2E0F52573CF3F00B4B46B /* Alert.swift */; };
		B3DA93CD2561B60E004BF5E1 /* DataManager.swift in Sources */ = {isa = PBXBuildFile; fileRef = B3DA93CC2561B60E004BF5E1 /* DataManager.swift */; };
/* End PBXBuildFile section */

/* Begin PBXContainerItemProxy section */
		B37EEA5C2561A976003FBC42 /* PBXContainerItemProxy */ = {
			isa = PBXContainerItemProxy;
			containerPortal = B37EEA3D2561A975003FBC42 /* Project object */;
			proxyType = 1;
			remoteGlobalIDString = B37EEA442561A975003FBC42;
			remoteInfo = "Hue Lights";
		};
		B37EEA672561A976003FBC42 /* PBXContainerItemProxy */ = {
			isa = PBXContainerItemProxy;
			containerPortal = B37EEA3D2561A975003FBC42 /* Project object */;
			proxyType = 1;
			remoteGlobalIDString = B37EEA442561A975003FBC42;
			remoteInfo = "Hue Lights";
		};
/* End PBXContainerItemProxy section */

/* Begin PBXFileReference section */
		B3075399256C199600C8CA4F /* ConvertColor.swift */ = {isa = PBXFileReference; lastKnownFileType = sourcecode.swift; path = ConvertColor.swift; sourceTree = "<group>"; };
		B30753C1256D582A00C8CA4F /* UIColor+components.swift */ = {isa = PBXFileReference; lastKnownFileType = sourcecode.swift; path = "UIColor+components.swift"; sourceTree = "<group>"; };
		B30753C9256EB56400C8CA4F /* SectionedListController.swift */ = {isa = PBXFileReference; lastKnownFileType = sourcecode.swift; path = SectionedListController.swift; sourceTree = "<group>"; };
		B30753D2256EB6CD00C8CA4F /* GroupsListVC.swift */ = {isa = PBXFileReference; lastKnownFileType = sourcecode.swift; path = GroupsListVC.swift; sourceTree = "<group>"; };
		B30753DD256EC74B00C8CA4F /* LightsListVC.swift */ = {isa = PBXFileReference; lastKnownFileType = sourcecode.swift; path = LightsListVC.swift; sourceTree = "<group>"; };
		B30753E225718CEC00C8CA4F /* EditItemView.swift */ = {isa = PBXFileReference; lastKnownFileType = sourcecode.swift; path = EditItemView.swift; sourceTree = "<group>"; };
		B30753E725718DA900C8CA4F /* EditGroupVC.swift */ = {isa = PBXFileReference; lastKnownFileType = sourcecode.swift; path = EditGroupVC.swift; sourceTree = "<group>"; };
		B318246425779F6600D9D06E /* SchedulesListVC.swift */ = {isa = PBXFileReference; lastKnownFileType = sourcecode.swift; path = SchedulesListVC.swift; sourceTree = "<group>"; };
		B318248F2577F13900D9D06E /* GetImageFromURLIV.swift */ = {isa = PBXFileReference; lastKnownFileType = sourcecode.swift; path = GetImageFromURLIV.swift; sourceTree = "<group>"; };
		B318249B2577F24E00D9D06E /* SceneListVC.swift */ = {isa = PBXFileReference; lastKnownFileType = sourcecode.swift; path = SceneListVC.swift; sourceTree = "<group>"; };
		B33631C92581532100B83432 /* SuccessModel.swift */ = {isa = PBXFileReference; lastKnownFileType = sourcecode.swift; path = SuccessModel.swift; sourceTree = "<group>"; };
		B37EEA452561A975003FBC42 /* Hue Lights.app */ = {isa = PBXFileReference; explicitFileType = wrapper.application; includeInIndex = 0; path = "Hue Lights.app"; sourceTree = BUILT_PRODUCTS_DIR; };
		B37EEA482561A975003FBC42 /* AppDelegate.swift */ = {isa = PBXFileReference; lastKnownFileType = sourcecode.swift; path = AppDelegate.swift; sourceTree = "<group>"; };
		B37EEA4A2561A975003FBC42 /* SceneDelegate.swift */ = {isa = PBXFileReference; lastKnownFileType = sourcecode.swift; path = SceneDelegate.swift; sourceTree = "<group>"; };
		B37EEA512561A976003FBC42 /* Assets.xcassets */ = {isa = PBXFileReference; lastKnownFileType = folder.assetcatalog; path = Assets.xcassets; sourceTree = "<group>"; };
		B37EEA542561A976003FBC42 /* Base */ = {isa = PBXFileReference; lastKnownFileType = file.storyboard; name = Base; path = Base.lproj/LaunchScreen.storyboard; sourceTree = "<group>"; };
		B37EEA562561A976003FBC42 /* Info.plist */ = {isa = PBXFileReference; lastKnownFileType = text.plist.xml; path = Info.plist; sourceTree = "<group>"; };
		B37EEA5B2561A976003FBC42 /* Hue LightsTests.xctest */ = {isa = PBXFileReference; explicitFileType = wrapper.cfbundle; includeInIndex = 0; path = "Hue LightsTests.xctest"; sourceTree = BUILT_PRODUCTS_DIR; };
		B37EEA5F2561A976003FBC42 /* Hue_LightsTests.swift */ = {isa = PBXFileReference; lastKnownFileType = sourcecode.swift; path = Hue_LightsTests.swift; sourceTree = "<group>"; };
		B37EEA612561A976003FBC42 /* Info.plist */ = {isa = PBXFileReference; lastKnownFileType = text.plist.xml; path = Info.plist; sourceTree = "<group>"; };
		B37EEA662561A976003FBC42 /* Hue LightsUITests.xctest */ = {isa = PBXFileReference; explicitFileType = wrapper.cfbundle; includeInIndex = 0; path = "Hue LightsUITests.xctest"; sourceTree = BUILT_PRODUCTS_DIR; };
		B37EEA6A2561A976003FBC42 /* Hue_LightsUITests.swift */ = {isa = PBXFileReference; lastKnownFileType = sourcecode.swift; path = Hue_LightsUITests.swift; sourceTree = "<group>"; };
		B37EEA6C2561A976003FBC42 /* Info.plist */ = {isa = PBXFileReference; lastKnownFileType = text.plist.xml; path = Info.plist; sourceTree = "<group>"; };
		B37EEA812561A9B4003FBC42 /* MainVC.swift */ = {isa = PBXFileReference; lastKnownFileType = sourcecode.swift; path = MainVC.swift; sourceTree = "<group>"; };
		B37EEA862561A9DE003FBC42 /* MainView.swift */ = {isa = PBXFileReference; lastKnownFileType = sourcecode.swift; path = MainView.swift; sourceTree = "<group>"; };
		B3A66A752573FEF100EAAB8C /* EditLightVC.swift */ = {isa = PBXFileReference; lastKnownFileType = sourcecode.swift; path = EditLightVC.swift; sourceTree = "<group>"; };
		B3A66A8025742AEA00EAAB8C /* Sequence+UniqueHash.swift */ = {isa = PBXFileReference; lastKnownFileType = sourcecode.swift; path = "Sequence+UniqueHash.swift"; sourceTree = "<group>"; };
		B3AF8EE82565A04C0060C968 /* Discovery.swift */ = {isa = PBXFileReference; lastKnownFileType = sourcecode.swift; path = Discovery.swift; sourceTree = "<group>"; };
		B3AF8EF02565AC490060C968 /* HueModel.swift */ = {isa = PBXFileReference; lastKnownFileType = sourcecode.swift; path = HueModel.swift; sourceTree = "<group>"; };
		B3AF8EFE25669CFA0060C968 /* ListController.swift */ = {isa = PBXFileReference; lastKnownFileType = sourcecode.swift; path = ListController.swift; sourceTree = "<group>"; };
		B3AF8F0325669EFE0060C968 /* HueLightsCell.swift */ = {isa = PBXFileReference; lastKnownFileType = sourcecode.swift; path = HueLightsCell.swift; sourceTree = "<group>"; };
		B3AF8F082566A6B20060C968 /* Constants.swift */ = {isa = PBXFileReference; lastKnownFileType = sourcecode.swift; path = Constants.swift; sourceTree = "<group>"; };
		B3CC3E0A257CE93F00058933 /* EditSceneView.swift */ = {isa = PBXFileReference; lastKnownFileType = sourcecode.swift; path = EditSceneView.swift; sourceTree = "<group>"; };
		B3CC3E10257CEA3900058933 /* EditSceneVC.swift */ = {isa = PBXFileReference; lastKnownFileType = sourcecode.swift; path = EditSceneVC.swift; sourceTree = "<group>"; };
		B3D2E0EA2572939100B4B46B /* ModifyGroupList.swift */ = {isa = PBXFileReference; lastKnownFileType = sourcecode.swift; path = ModifyGroupList.swift; sourceTree = "<group>"; };
		B3D2E0EF2572949A00B4B46B /* ListCell.swift */ = {isa = PBXFileReference; lastKnownFileType = sourcecode.swift; path = ListCell.swift; sourceTree = "<group>"; };
		B3D2E0F52573CF3F00B4B46B /* Alert.swift */ = {isa = PBXFileReference; lastKnownFileType = sourcecode.swift; path = Alert.swift; sourceTree = "<group>"; };
		B3DA93CC2561B60E004BF5E1 /* DataManager.swift */ = {isa = PBXFileReference; lastKnownFileType = sourcecode.swift; path = DataManager.swift; sourceTree = "<group>"; };
		B3DA93D22561BB85004BF5E1 /* HueSDK.framework.zip */ = {isa = PBXFileReference; lastKnownFileType = archive.zip; name = HueSDK.framework.zip; path = "../../../Downloads/HueSDK-master/HueSDK/Apple/iOS/simulator/HueSDK.framework.zip"; sourceTree = "<group>"; };
		B3DA93D32561BBCC004BF5E1 /* HueSDK.framework */ = {isa = PBXFileReference; lastKnownFileType = wrapper.framework; name = HueSDK.framework; path = "../../../Downloads/HueSDK-master/HueSDK/Apple/iOS/device/HueSDK.framework"; sourceTree = "<group>"; };
		B3DA93D92561BBDE004BF5E1 /* HueSDK.framework */ = {isa = PBXFileReference; lastKnownFileType = wrapper.framework; name = HueSDK.framework; path = "../../../Downloads/HueSDK-master/HueSDK/Apple/iOS/simulator/HueSDK.framework"; sourceTree = "<group>"; };
		B3DA93DF2561BC39004BF5E1 /* Hue Lights-Bridging-Header.h */ = {isa = PBXFileReference; lastKnownFileType = sourcecode.c.h; path = "Hue Lights-Bridging-Header.h"; sourceTree = "<group>"; };
		B3DA93F32562AC32004BF5E1 /* HueSDK_iOS */ = {isa = PBXFileReference; lastKnownFileType = archive.ar; name = HueSDK_iOS; path = "../../../Downloads/PhilipsHueSDK-iOS-OSX-master/HueSDK_iOS.framework/HueSDK_iOS"; sourceTree = "<group>"; };
		B3DA93F62562AEC3004BF5E1 /* HueSDK_iOS.framework */ = {isa = PBXFileReference; lastKnownFileType = wrapper.framework; name = HueSDK_iOS.framework; path = "../../../Downloads/PhilipsHueSDK-iOS-OSX-master/QuickStartApp_iOS/HueSDK_iOS.framework"; sourceTree = "<group>"; };
		B3DA93FF2562B16A004BF5E1 /* HueSDK.framework */ = {isa = PBXFileReference; lastKnownFileType = wrapper.framework; name = HueSDK.framework; path = "../../../Downloads/HueSDK-master-2/HueSDK/Apple/iOS/simulator/HueSDK.framework"; sourceTree = "<group>"; };
		B3DA941A2562BEF1004BF5E1 /* HueSDK_iOS.framework */ = {isa = PBXFileReference; lastKnownFileType = wrapper.framework; name = HueSDK_iOS.framework; path = "../../../Downloads/PhilipsHueSDK-iOS-OSX-master-2/HueSDK_iOS.framework"; sourceTree = "<group>"; };
/* End PBXFileReference section */

/* Begin PBXFrameworksBuildPhase section */
		B37EEA422561A975003FBC42 /* Frameworks */ = {
			isa = PBXFrameworksBuildPhase;
			buildActionMask = 2147483647;
			files = (
			);
			runOnlyForDeploymentPostprocessing = 0;
		};
		B37EEA582561A976003FBC42 /* Frameworks */ = {
			isa = PBXFrameworksBuildPhase;
			buildActionMask = 2147483647;
			files = (
			);
			runOnlyForDeploymentPostprocessing = 0;
		};
		B37EEA632561A976003FBC42 /* Frameworks */ = {
			isa = PBXFrameworksBuildPhase;
			buildActionMask = 2147483647;
			files = (
			);
			runOnlyForDeploymentPostprocessing = 0;
		};
/* End PBXFrameworksBuildPhase section */

/* Begin PBXGroup section */
		B30753CE256EB5C300C8CA4F /* For Reference */ = {
			isa = PBXGroup;
			children = (
				B30753C9256EB56400C8CA4F /* SectionedListController.swift */,
			);
			path = "For Reference";
			sourceTree = "<group>";
		};
		B37EEA3C2561A975003FBC42 = {
			isa = PBXGroup;
			children = (
				B37EEA472561A975003FBC42 /* Hue Lights */,
				B37EEA5E2561A976003FBC42 /* Hue LightsTests */,
				B37EEA692561A976003FBC42 /* Hue LightsUITests */,
				B37EEA462561A975003FBC42 /* Products */,
				B3DA93D12561BB85004BF5E1 /* Frameworks */,
			);
			sourceTree = "<group>";
		};
		B37EEA462561A975003FBC42 /* Products */ = {
			isa = PBXGroup;
			children = (
				B37EEA452561A975003FBC42 /* Hue Lights.app */,
				B37EEA5B2561A976003FBC42 /* Hue LightsTests.xctest */,
				B37EEA662561A976003FBC42 /* Hue LightsUITests.xctest */,
			);
			name = Products;
			sourceTree = "<group>";
		};
		B37EEA472561A975003FBC42 /* Hue Lights */ = {
			isa = PBXGroup;
			children = (
				B30753CE256EB5C300C8CA4F /* For Reference */,
				B3DA93DE2561BC0C004BF5E1 /* Resoources */,
				B3DA93CB2561B5EA004BF5E1 /* Model */,
				B37EEA8F2561AB7A003FBC42 /* Controller */,
				B37EEA8E2561AB6F003FBC42 /* View */,
				B37EEA482561A975003FBC42 /* AppDelegate.swift */,
				B37EEA4A2561A975003FBC42 /* SceneDelegate.swift */,
				B37EEA512561A976003FBC42 /* Assets.xcassets */,
				B37EEA532561A976003FBC42 /* LaunchScreen.storyboard */,
				B37EEA562561A976003FBC42 /* Info.plist */,
			);
			path = "Hue Lights";
			sourceTree = "<group>";
		};
		B37EEA5E2561A976003FBC42 /* Hue LightsTests */ = {
			isa = PBXGroup;
			children = (
				B37EEA5F2561A976003FBC42 /* Hue_LightsTests.swift */,
				B37EEA612561A976003FBC42 /* Info.plist */,
			);
			path = "Hue LightsTests";
			sourceTree = "<group>";
		};
		B37EEA692561A976003FBC42 /* Hue LightsUITests */ = {
			isa = PBXGroup;
			children = (
				B37EEA6A2561A976003FBC42 /* Hue_LightsUITests.swift */,
				B37EEA6C2561A976003FBC42 /* Info.plist */,
			);
			path = "Hue LightsUITests";
			sourceTree = "<group>";
		};
		B37EEA8E2561AB6F003FBC42 /* View */ = {
			isa = PBXGroup;
			children = (
				B37EEA862561A9DE003FBC42 /* MainView.swift */,
				B30753E225718CEC00C8CA4F /* EditItemView.swift */,
				B3CC3E0A257CE93F00058933 /* EditSceneView.swift */,
			);
			path = View;
			sourceTree = "<group>";
		};
		B37EEA8F2561AB7A003FBC42 /* Controller */ = {
			isa = PBXGroup;
			children = (
				B3CC3E0F257CE9FA00058933 /* List Controllers */,
				B37EEA812561A9B4003FBC42 /* MainVC.swift */,
				B30753E725718DA900C8CA4F /* EditGroupVC.swift */,
				B3A66A752573FEF100EAAB8C /* EditLightVC.swift */,
				B3CC3E10257CEA3900058933 /* EditSceneVC.swift */,
			);
			path = Controller;
			sourceTree = "<group>";
		};
		B3CC3E0F257CE9FA00058933 /* List Controllers */ = {
			isa = PBXGroup;
			children = (
				B3AF8EFE25669CFA0060C968 /* ListController.swift */,
				B30753DD256EC74B00C8CA4F /* LightsListVC.swift */,
				B30753D2256EB6CD00C8CA4F /* GroupsListVC.swift */,
				B3D2E0EA2572939100B4B46B /* ModifyGroupList.swift */,
				B318246425779F6600D9D06E /* SchedulesListVC.swift */,
				B318249B2577F24E00D9D06E /* SceneListVC.swift */,
			);
			path = "List Controllers";
			sourceTree = "<group>";
		};
		B3DA93CB2561B5EA004BF5E1 /* Model */ = {
			isa = PBXGroup;
			children = (
				B3DA93CC2561B60E004BF5E1 /* DataManager.swift */,
				B3AF8EE82565A04C0060C968 /* Discovery.swift */,
				B3AF8EF02565AC490060C968 /* HueModel.swift */,
				B3AF8F0325669EFE0060C968 /* HueLightsCell.swift */,
				B3075399256C199600C8CA4F /* ConvertColor.swift */,
				B3D2E0EF2572949A00B4B46B /* ListCell.swift */,
				B318248F2577F13900D9D06E /* GetImageFromURLIV.swift */,
				B33631C92581532100B83432 /* SuccessModel.swift */,
			);
			path = Model;
			sourceTree = "<group>";
		};
		B3DA93D12561BB85004BF5E1 /* Frameworks */ = {
			isa = PBXGroup;
			children = (
				B3DA941A2562BEF1004BF5E1 /* HueSDK_iOS.framework */,
				B3DA93FF2562B16A004BF5E1 /* HueSDK.framework */,
				B3DA93F62562AEC3004BF5E1 /* HueSDK_iOS.framework */,
				B3DA93F32562AC32004BF5E1 /* HueSDK_iOS */,
				B3DA93D32561BBCC004BF5E1 /* HueSDK.framework */,
				B3DA93D92561BBDE004BF5E1 /* HueSDK.framework */,
				B3DA93D22561BB85004BF5E1 /* HueSDK.framework.zip */,
			);
			name = Frameworks;
			sourceTree = "<group>";
		};
		B3DA93DE2561BC0C004BF5E1 /* Resoources */ = {
			isa = PBXGroup;
			children = (
				B3DA93DF2561BC39004BF5E1 /* Hue Lights-Bridging-Header.h */,
				B3AF8F082566A6B20060C968 /* Constants.swift */,
				B30753C1256D582A00C8CA4F /* UIColor+components.swift */,
				B3D2E0F52573CF3F00B4B46B /* Alert.swift */,
				B3A66A8025742AEA00EAAB8C /* Sequence+UniqueHash.swift */,
			);
			path = Resoources;
			sourceTree = "<group>";
		};
/* End PBXGroup section */

/* Begin PBXNativeTarget section */
		B37EEA442561A975003FBC42 /* Hue Lights */ = {
			isa = PBXNativeTarget;
			buildConfigurationList = B37EEA6F2561A976003FBC42 /* Build configuration list for PBXNativeTarget "Hue Lights" */;
			buildPhases = (
				B37EEA412561A975003FBC42 /* Sources */,
				B37EEA422561A975003FBC42 /* Frameworks */,
				B37EEA432561A975003FBC42 /* Resources */,
			);
			buildRules = (
			);
			dependencies = (
			);
			name = "Hue Lights";
			productName = "Hue Lights";
			productReference = B37EEA452561A975003FBC42 /* Hue Lights.app */;
			productType = "com.apple.product-type.application";
		};
		B37EEA5A2561A976003FBC42 /* Hue LightsTests */ = {
			isa = PBXNativeTarget;
			buildConfigurationList = B37EEA722561A976003FBC42 /* Build configuration list for PBXNativeTarget "Hue LightsTests" */;
			buildPhases = (
				B37EEA572561A976003FBC42 /* Sources */,
				B37EEA582561A976003FBC42 /* Frameworks */,
				B37EEA592561A976003FBC42 /* Resources */,
			);
			buildRules = (
			);
			dependencies = (
				B37EEA5D2561A976003FBC42 /* PBXTargetDependency */,
			);
			name = "Hue LightsTests";
			productName = "Hue LightsTests";
			productReference = B37EEA5B2561A976003FBC42 /* Hue LightsTests.xctest */;
			productType = "com.apple.product-type.bundle.unit-test";
		};
		B37EEA652561A976003FBC42 /* Hue LightsUITests */ = {
			isa = PBXNativeTarget;
			buildConfigurationList = B37EEA752561A976003FBC42 /* Build configuration list for PBXNativeTarget "Hue LightsUITests" */;
			buildPhases = (
				B37EEA622561A976003FBC42 /* Sources */,
				B37EEA632561A976003FBC42 /* Frameworks */,
				B37EEA642561A976003FBC42 /* Resources */,
			);
			buildRules = (
			);
			dependencies = (
				B37EEA682561A976003FBC42 /* PBXTargetDependency */,
			);
			name = "Hue LightsUITests";
			productName = "Hue LightsUITests";
			productReference = B37EEA662561A976003FBC42 /* Hue LightsUITests.xctest */;
			productType = "com.apple.product-type.bundle.ui-testing";
		};
/* End PBXNativeTarget section */

/* Begin PBXProject section */
		B37EEA3D2561A975003FBC42 /* Project object */ = {
			isa = PBXProject;
			attributes = {
				LastSwiftUpdateCheck = 1220;
				LastUpgradeCheck = 1220;
				TargetAttributes = {
					B37EEA442561A975003FBC42 = {
						CreatedOnToolsVersion = 12.2;
						LastSwiftMigration = 1220;
					};
					B37EEA5A2561A976003FBC42 = {
						CreatedOnToolsVersion = 12.2;
						TestTargetID = B37EEA442561A975003FBC42;
					};
					B37EEA652561A976003FBC42 = {
						CreatedOnToolsVersion = 12.2;
						TestTargetID = B37EEA442561A975003FBC42;
					};
				};
			};
			buildConfigurationList = B37EEA402561A975003FBC42 /* Build configuration list for PBXProject "Hue Lights" */;
			compatibilityVersion = "Xcode 9.3";
			developmentRegion = en;
			hasScannedForEncodings = 0;
			knownRegions = (
				en,
				Base,
			);
			mainGroup = B37EEA3C2561A975003FBC42;
			productRefGroup = B37EEA462561A975003FBC42 /* Products */;
			projectDirPath = "";
			projectRoot = "";
			targets = (
				B37EEA442561A975003FBC42 /* Hue Lights */,
				B37EEA5A2561A976003FBC42 /* Hue LightsTests */,
				B37EEA652561A976003FBC42 /* Hue LightsUITests */,
			);
		};
/* End PBXProject section */

/* Begin PBXResourcesBuildPhase section */
		B37EEA432561A975003FBC42 /* Resources */ = {
			isa = PBXResourcesBuildPhase;
			buildActionMask = 2147483647;
			files = (
				B37EEA552561A976003FBC42 /* LaunchScreen.storyboard in Resources */,
				B37EEA522561A976003FBC42 /* Assets.xcassets in Resources */,
			);
			runOnlyForDeploymentPostprocessing = 0;
		};
		B37EEA592561A976003FBC42 /* Resources */ = {
			isa = PBXResourcesBuildPhase;
			buildActionMask = 2147483647;
			files = (
			);
			runOnlyForDeploymentPostprocessing = 0;
		};
		B37EEA642561A976003FBC42 /* Resources */ = {
			isa = PBXResourcesBuildPhase;
			buildActionMask = 2147483647;
			files = (
			);
			runOnlyForDeploymentPostprocessing = 0;
		};
/* End PBXResourcesBuildPhase section */

/* Begin PBXSourcesBuildPhase section */
		B37EEA412561A975003FBC42 /* Sources */ = {
			isa = PBXSourcesBuildPhase;
			buildActionMask = 2147483647;
			files = (
				B3AF8EE92565A04C0060C968 /* Discovery.swift in Sources */,
				B3AF8F092566A6B30060C968 /* Constants.swift in Sources */,
				B31824902577F13900D9D06E /* GetImageFromURLIV.swift in Sources */,
				B30753D3256EB6CD00C8CA4F /* GroupsListVC.swift in Sources */,
				B3A66A8125742AEA00EAAB8C /* Sequence+UniqueHash.swift in Sources */,
				B37EEA492561A975003FBC42 /* AppDelegate.swift in Sources */,
				B3D2E0F02572949A00B4B46B /* ListCell.swift in Sources */,
				B30753C2256D582B00C8CA4F /* UIColor+components.swift in Sources */,
				B3A66A762573FEF100EAAB8C /* EditLightVC.swift in Sources */,
				B318249C2577F24E00D9D06E /* SceneListVC.swift in Sources */,
				B3AF8EFF25669CFB0060C968 /* ListController.swift in Sources */,
				B30753CA256EB56500C8CA4F /* SectionedListController.swift in Sources */,
				B3D2E0EB2572939100B4B46B /* ModifyGroupList.swift in Sources */,
				B3DA93CD2561B60E004BF5E1 /* DataManager.swift in Sources */,
				B30753DE256EC74B00C8CA4F /* LightsListVC.swift in Sources */,
				B37EEA872561A9DE003FBC42 /* MainView.swift in Sources */,
				B3AF8EF12565AC490060C968 /* HueModel.swift in Sources */,
				B30753E825718DA900C8CA4F /* EditGroupVC.swift in Sources */,
				B3AF8F0425669EFE0060C968 /* HueLightsCell.swift in Sources */,
				B30753E325718CEC00C8CA4F /* EditItemView.swift in Sources */,
				B318246525779F6600D9D06E /* SchedulesListVC.swift in Sources */,
				B3CC3E0B257CE93F00058933 /* EditSceneView.swift in Sources */,
				B37EEA822561A9B4003FBC42 /* MainVC.swift in Sources */,
				B33631CA2581532100B83432 /* SuccessModel.swift in Sources */,
				B307539A256C199600C8CA4F /* ConvertColor.swift in Sources */,
				B3CC3E11257CEA3900058933 /* EditSceneVC.swift in Sources */,
				B3D2E0F62573CF3F00B4B46B /* Alert.swift in Sources */,
				B37EEA4B2561A975003FBC42 /* SceneDelegate.swift in Sources */,
			);
			runOnlyForDeploymentPostprocessing = 0;
		};
		B37EEA572561A976003FBC42 /* Sources */ = {
			isa = PBXSourcesBuildPhase;
			buildActionMask = 2147483647;
			files = (
				B37EEA602561A976003FBC42 /* Hue_LightsTests.swift in Sources */,
			);
			runOnlyForDeploymentPostprocessing = 0;
		};
		B37EEA622561A976003FBC42 /* Sources */ = {
			isa = PBXSourcesBuildPhase;
			buildActionMask = 2147483647;
			files = (
				B37EEA6B2561A976003FBC42 /* Hue_LightsUITests.swift in Sources */,
			);
			runOnlyForDeploymentPostprocessing = 0;
		};
/* End PBXSourcesBuildPhase section */

/* Begin PBXTargetDependency section */
		B37EEA5D2561A976003FBC42 /* PBXTargetDependency */ = {
			isa = PBXTargetDependency;
			target = B37EEA442561A975003FBC42 /* Hue Lights */;
			targetProxy = B37EEA5C2561A976003FBC42 /* PBXContainerItemProxy */;
		};
		B37EEA682561A976003FBC42 /* PBXTargetDependency */ = {
			isa = PBXTargetDependency;
			target = B37EEA442561A975003FBC42 /* Hue Lights */;
			targetProxy = B37EEA672561A976003FBC42 /* PBXContainerItemProxy */;
		};
/* End PBXTargetDependency section */

/* Begin PBXVariantGroup section */
		B37EEA532561A976003FBC42 /* LaunchScreen.storyboard */ = {
			isa = PBXVariantGroup;
			children = (
				B37EEA542561A976003FBC42 /* Base */,
			);
			name = LaunchScreen.storyboard;
			sourceTree = "<group>";
		};
/* End PBXVariantGroup section */

/* Begin XCBuildConfiguration section */
		B37EEA6D2561A976003FBC42 /* Debug */ = {
			isa = XCBuildConfiguration;
			buildSettings = {
				ALWAYS_SEARCH_USER_PATHS = NO;
				CLANG_ANALYZER_NONNULL = YES;
				CLANG_ANALYZER_NUMBER_OBJECT_CONVERSION = YES_AGGRESSIVE;
				CLANG_CXX_LANGUAGE_STANDARD = "gnu++14";
				CLANG_CXX_LIBRARY = "libc++";
				CLANG_ENABLE_MODULES = YES;
				CLANG_ENABLE_OBJC_ARC = YES;
				CLANG_ENABLE_OBJC_WEAK = YES;
				CLANG_WARN_BLOCK_CAPTURE_AUTORELEASING = YES;
				CLANG_WARN_BOOL_CONVERSION = YES;
				CLANG_WARN_COMMA = YES;
				CLANG_WARN_CONSTANT_CONVERSION = YES;
				CLANG_WARN_DEPRECATED_OBJC_IMPLEMENTATIONS = YES;
				CLANG_WARN_DIRECT_OBJC_ISA_USAGE = YES_ERROR;
				CLANG_WARN_DOCUMENTATION_COMMENTS = YES;
				CLANG_WARN_EMPTY_BODY = YES;
				CLANG_WARN_ENUM_CONVERSION = YES;
				CLANG_WARN_INFINITE_RECURSION = YES;
				CLANG_WARN_INT_CONVERSION = YES;
				CLANG_WARN_NON_LITERAL_NULL_CONVERSION = YES;
				CLANG_WARN_OBJC_IMPLICIT_RETAIN_SELF = YES;
				CLANG_WARN_OBJC_LITERAL_CONVERSION = YES;
				CLANG_WARN_OBJC_ROOT_CLASS = YES_ERROR;
				CLANG_WARN_QUOTED_INCLUDE_IN_FRAMEWORK_HEADER = YES;
				CLANG_WARN_RANGE_LOOP_ANALYSIS = YES;
				CLANG_WARN_STRICT_PROTOTYPES = YES;
				CLANG_WARN_SUSPICIOUS_MOVE = YES;
				CLANG_WARN_UNGUARDED_AVAILABILITY = YES_AGGRESSIVE;
				CLANG_WARN_UNREACHABLE_CODE = YES;
				CLANG_WARN__DUPLICATE_METHOD_MATCH = YES;
				COPY_PHASE_STRIP = NO;
				DEBUG_INFORMATION_FORMAT = dwarf;
				ENABLE_STRICT_OBJC_MSGSEND = YES;
				ENABLE_TESTABILITY = YES;
				GCC_C_LANGUAGE_STANDARD = gnu11;
				GCC_DYNAMIC_NO_PIC = NO;
				GCC_NO_COMMON_BLOCKS = YES;
				GCC_OPTIMIZATION_LEVEL = 0;
				GCC_PREPROCESSOR_DEFINITIONS = (
					"DEBUG=1",
					"$(inherited)",
				);
				GCC_WARN_64_TO_32_BIT_CONVERSION = YES;
				GCC_WARN_ABOUT_RETURN_TYPE = YES_ERROR;
				GCC_WARN_UNDECLARED_SELECTOR = YES;
				GCC_WARN_UNINITIALIZED_AUTOS = YES_AGGRESSIVE;
				GCC_WARN_UNUSED_FUNCTION = YES;
				GCC_WARN_UNUSED_VARIABLE = YES;
				IPHONEOS_DEPLOYMENT_TARGET = 14.2;
				MTL_ENABLE_DEBUG_INFO = INCLUDE_SOURCE;
				MTL_FAST_MATH = YES;
				ONLY_ACTIVE_ARCH = YES;
				SDKROOT = iphoneos;
				SWIFT_ACTIVE_COMPILATION_CONDITIONS = DEBUG;
				SWIFT_OPTIMIZATION_LEVEL = "-Onone";
			};
			name = Debug;
		};
		B37EEA6E2561A976003FBC42 /* Release */ = {
			isa = XCBuildConfiguration;
			buildSettings = {
				ALWAYS_SEARCH_USER_PATHS = NO;
				CLANG_ANALYZER_NONNULL = YES;
				CLANG_ANALYZER_NUMBER_OBJECT_CONVERSION = YES_AGGRESSIVE;
				CLANG_CXX_LANGUAGE_STANDARD = "gnu++14";
				CLANG_CXX_LIBRARY = "libc++";
				CLANG_ENABLE_MODULES = YES;
				CLANG_ENABLE_OBJC_ARC = YES;
				CLANG_ENABLE_OBJC_WEAK = YES;
				CLANG_WARN_BLOCK_CAPTURE_AUTORELEASING = YES;
				CLANG_WARN_BOOL_CONVERSION = YES;
				CLANG_WARN_COMMA = YES;
				CLANG_WARN_CONSTANT_CONVERSION = YES;
				CLANG_WARN_DEPRECATED_OBJC_IMPLEMENTATIONS = YES;
				CLANG_WARN_DIRECT_OBJC_ISA_USAGE = YES_ERROR;
				CLANG_WARN_DOCUMENTATION_COMMENTS = YES;
				CLANG_WARN_EMPTY_BODY = YES;
				CLANG_WARN_ENUM_CONVERSION = YES;
				CLANG_WARN_INFINITE_RECURSION = YES;
				CLANG_WARN_INT_CONVERSION = YES;
				CLANG_WARN_NON_LITERAL_NULL_CONVERSION = YES;
				CLANG_WARN_OBJC_IMPLICIT_RETAIN_SELF = YES;
				CLANG_WARN_OBJC_LITERAL_CONVERSION = YES;
				CLANG_WARN_OBJC_ROOT_CLASS = YES_ERROR;
				CLANG_WARN_QUOTED_INCLUDE_IN_FRAMEWORK_HEADER = YES;
				CLANG_WARN_RANGE_LOOP_ANALYSIS = YES;
				CLANG_WARN_STRICT_PROTOTYPES = YES;
				CLANG_WARN_SUSPICIOUS_MOVE = YES;
				CLANG_WARN_UNGUARDED_AVAILABILITY = YES_AGGRESSIVE;
				CLANG_WARN_UNREACHABLE_CODE = YES;
				CLANG_WARN__DUPLICATE_METHOD_MATCH = YES;
				COPY_PHASE_STRIP = NO;
				DEBUG_INFORMATION_FORMAT = "dwarf-with-dsym";
				ENABLE_NS_ASSERTIONS = NO;
				ENABLE_STRICT_OBJC_MSGSEND = YES;
				GCC_C_LANGUAGE_STANDARD = gnu11;
				GCC_NO_COMMON_BLOCKS = YES;
				GCC_WARN_64_TO_32_BIT_CONVERSION = YES;
				GCC_WARN_ABOUT_RETURN_TYPE = YES_ERROR;
				GCC_WARN_UNDECLARED_SELECTOR = YES;
				GCC_WARN_UNINITIALIZED_AUTOS = YES_AGGRESSIVE;
				GCC_WARN_UNUSED_FUNCTION = YES;
				GCC_WARN_UNUSED_VARIABLE = YES;
				IPHONEOS_DEPLOYMENT_TARGET = 14.2;
				MTL_ENABLE_DEBUG_INFO = NO;
				MTL_FAST_MATH = YES;
				SDKROOT = iphoneos;
				SWIFT_COMPILATION_MODE = wholemodule;
				SWIFT_OPTIMIZATION_LEVEL = "-O";
				VALIDATE_PRODUCT = YES;
			};
			name = Release;
		};
		B37EEA702561A976003FBC42 /* Debug */ = {
			isa = XCBuildConfiguration;
			buildSettings = {
				ASSETCATALOG_COMPILER_APPICON_NAME = AppIcon;
				ASSETCATALOG_COMPILER_GLOBAL_ACCENT_COLOR_NAME = AccentColor;
				CLANG_ENABLE_MODULES = YES;
				CODE_SIGN_STYLE = Automatic;
				DEVELOPMENT_TEAM = 334VYUXU36;
				INFOPLIST_FILE = "Hue Lights/Info.plist";
				LD_RUNPATH_SEARCH_PATHS = (
					"$(inherited)",
					"@executable_path/Frameworks",
				);
				PRODUCT_BUNDLE_IDENTIFIER = "com.StevePlavetzky.Hue-Lights";
				PRODUCT_NAME = "$(TARGET_NAME)";
				SWIFT_OBJC_BRIDGING_HEADER = "Hue Lights/Resoources/Hue Lights-Bridging-Header.h";
				SWIFT_OPTIMIZATION_LEVEL = "-Onone";
				SWIFT_VERSION = 5.0;
				TARGETED_DEVICE_FAMILY = "1,2";
			};
			name = Debug;
		};
		B37EEA712561A976003FBC42 /* Release */ = {
			isa = XCBuildConfiguration;
			buildSettings = {
				ASSETCATALOG_COMPILER_APPICON_NAME = AppIcon;
				ASSETCATALOG_COMPILER_GLOBAL_ACCENT_COLOR_NAME = AccentColor;
				CLANG_ENABLE_MODULES = YES;
				CODE_SIGN_STYLE = Automatic;
				DEVELOPMENT_TEAM = 334VYUXU36;
				INFOPLIST_FILE = "Hue Lights/Info.plist";
				LD_RUNPATH_SEARCH_PATHS = (
					"$(inherited)",
					"@executable_path/Frameworks",
				);
				PRODUCT_BUNDLE_IDENTIFIER = "com.StevePlavetzky.Hue-Lights";
				PRODUCT_NAME = "$(TARGET_NAME)";
				SWIFT_OBJC_BRIDGING_HEADER = "Hue Lights/Resoources/Hue Lights-Bridging-Header.h";
				SWIFT_VERSION = 5.0;
				TARGETED_DEVICE_FAMILY = "1,2";
			};
			name = Release;
		};
		B37EEA732561A976003FBC42 /* Debug */ = {
			isa = XCBuildConfiguration;
			buildSettings = {
				ALWAYS_EMBED_SWIFT_STANDARD_LIBRARIES = YES;
				BUNDLE_LOADER = "$(TEST_HOST)";
				CODE_SIGN_STYLE = Automatic;
				DEVELOPMENT_TEAM = 334VYUXU36;
				INFOPLIST_FILE = "Hue LightsTests/Info.plist";
				IPHONEOS_DEPLOYMENT_TARGET = 14.2;
				LD_RUNPATH_SEARCH_PATHS = (
					"$(inherited)",
					"@executable_path/Frameworks",
					"@loader_path/Frameworks",
				);
				PRODUCT_BUNDLE_IDENTIFIER = "com.StevePlavetzky.Hue-LightsTests";
				PRODUCT_NAME = "$(TARGET_NAME)";
				SWIFT_VERSION = 5.0;
				TARGETED_DEVICE_FAMILY = "1,2";
				TEST_HOST = "$(BUILT_PRODUCTS_DIR)/Hue Lights.app/Hue Lights";
			};
			name = Debug;
		};
		B37EEA742561A976003FBC42 /* Release */ = {
			isa = XCBuildConfiguration;
			buildSettings = {
				ALWAYS_EMBED_SWIFT_STANDARD_LIBRARIES = YES;
				BUNDLE_LOADER = "$(TEST_HOST)";
				CODE_SIGN_STYLE = Automatic;
				DEVELOPMENT_TEAM = 334VYUXU36;
				INFOPLIST_FILE = "Hue LightsTests/Info.plist";
				IPHONEOS_DEPLOYMENT_TARGET = 14.2;
				LD_RUNPATH_SEARCH_PATHS = (
					"$(inherited)",
					"@executable_path/Frameworks",
					"@loader_path/Frameworks",
				);
				PRODUCT_BUNDLE_IDENTIFIER = "com.StevePlavetzky.Hue-LightsTests";
				PRODUCT_NAME = "$(TARGET_NAME)";
				SWIFT_VERSION = 5.0;
				TARGETED_DEVICE_FAMILY = "1,2";
				TEST_HOST = "$(BUILT_PRODUCTS_DIR)/Hue Lights.app/Hue Lights";
			};
			name = Release;
		};
		B37EEA762561A976003FBC42 /* Debug */ = {
			isa = XCBuildConfiguration;
			buildSettings = {
				ALWAYS_EMBED_SWIFT_STANDARD_LIBRARIES = YES;
				CODE_SIGN_STYLE = Automatic;
				DEVELOPMENT_TEAM = 334VYUXU36;
				INFOPLIST_FILE = "Hue LightsUITests/Info.plist";
				LD_RUNPATH_SEARCH_PATHS = (
					"$(inherited)",
					"@executable_path/Frameworks",
					"@loader_path/Frameworks",
				);
				PRODUCT_BUNDLE_IDENTIFIER = "com.StevePlavetzky.Hue-LightsUITests";
				PRODUCT_NAME = "$(TARGET_NAME)";
				SWIFT_VERSION = 5.0;
				TARGETED_DEVICE_FAMILY = "1,2";
				TEST_TARGET_NAME = "Hue Lights";
			};
			name = Debug;
		};
		B37EEA772561A976003FBC42 /* Release */ = {
			isa = XCBuildConfiguration;
			buildSettings = {
				ALWAYS_EMBED_SWIFT_STANDARD_LIBRARIES = YES;
				CODE_SIGN_STYLE = Automatic;
				DEVELOPMENT_TEAM = 334VYUXU36;
				INFOPLIST_FILE = "Hue LightsUITests/Info.plist";
				LD_RUNPATH_SEARCH_PATHS = (
					"$(inherited)",
					"@executable_path/Frameworks",
					"@loader_path/Frameworks",
				);
				PRODUCT_BUNDLE_IDENTIFIER = "com.StevePlavetzky.Hue-LightsUITests";
				PRODUCT_NAME = "$(TARGET_NAME)";
				SWIFT_VERSION = 5.0;
				TARGETED_DEVICE_FAMILY = "1,2";
				TEST_TARGET_NAME = "Hue Lights";
			};
			name = Release;
		};
/* End XCBuildConfiguration section */

/* Begin XCConfigurationList section */
		B37EEA402561A975003FBC42 /* Build configuration list for PBXProject "Hue Lights" */ = {
			isa = XCConfigurationList;
			buildConfigurations = (
				B37EEA6D2561A976003FBC42 /* Debug */,
				B37EEA6E2561A976003FBC42 /* Release */,
			);
			defaultConfigurationIsVisible = 0;
			defaultConfigurationName = Release;
		};
		B37EEA6F2561A976003FBC42 /* Build configuration list for PBXNativeTarget "Hue Lights" */ = {
			isa = XCConfigurationList;
			buildConfigurations = (
				B37EEA702561A976003FBC42 /* Debug */,
				B37EEA712561A976003FBC42 /* Release */,
			);
			defaultConfigurationIsVisible = 0;
			defaultConfigurationName = Release;
		};
		B37EEA722561A976003FBC42 /* Build configuration list for PBXNativeTarget "Hue LightsTests" */ = {
			isa = XCConfigurationList;
			buildConfigurations = (
				B37EEA732561A976003FBC42 /* Debug */,
				B37EEA742561A976003FBC42 /* Release */,
			);
			defaultConfigurationIsVisible = 0;
			defaultConfigurationName = Release;
		};
		B37EEA752561A976003FBC42 /* Build configuration list for PBXNativeTarget "Hue LightsUITests" */ = {
			isa = XCConfigurationList;
			buildConfigurations = (
				B37EEA762561A976003FBC42 /* Debug */,
				B37EEA772561A976003FBC42 /* Release */,
			);
			defaultConfigurationIsVisible = 0;
			defaultConfigurationName = Release;
		};
/* End XCConfigurationList section */
	};
	rootObject = B37EEA3D2561A975003FBC42 /* Project object */;
}
